
Microsoft Visual Studio Solution File, Format Version 12.00
# Visual Studio Version 17
VisualStudioVersion = 17.10.34916.146
MinimumVisualStudioVersion = 10.0.40219.1
Project("{FAE04EC0-301F-11D3-BF4B-00C04F79EFBC}") = "AppApuntes", "AppApuntes\AppApuntes.csproj", "{7475DE26-B39E-4455-A19F-C6B996C9C1F8}"
EndProject
Global
	GlobalSection(SolutionConfigurationPlatforms) = preSolution
		Debug|Any CPU = Debug|Any CPU
		Release|Any CPU = Release|Any CPU
	EndGlobalSection
	GlobalSection(ProjectConfigurationPlatforms) = postSolution
		{7475DE26-B39E-4455-A19F-C6B996C9C1F8}.Debug|Any CPU.ActiveCfg = Debug|Any CPU
		{7475DE26-B39E-4455-A19F-C6B996C9C1F8}.Debug|Any CPU.Build.0 = Debug|Any CPU
		{7475DE26-B39E-4455-A19F-C6B996C9C1F8}.Debug|Any CPU.Deploy.0 = Debug|Any CPU
		{7475DE26-B39E-4455-A19F-C6B996C9C1F8}.Release|Any CPU.ActiveCfg = Release|Any CPU
		{7475DE26-B39E-4455-A19F-C6B996C9C1F8}.Release|Any CPU.Build.0 = Release|Any CPU
		{7475DE26-B39E-4455-A19F-C6B996C9C1F8}.Release|Any CPU.Deploy.0 = Release|Any CPU
	EndGlobalSection
	GlobalSection(SolutionProperties) = preSolution
		HideSolutionNode = FALSE
	EndGlobalSection
	GlobalSection(ExtensibilityGlobals) = postSolution
		SolutionGuid = {D009C769-854B-4127-93F4-632824257A04}
	EndGlobalSection
EndGlobal
